
Microsoft Visual Studio Solution File, Format Version 12.00
# Visual Studio Version 16
VisualStudioVersion = 16.0.32630.194
MinimumVisualStudioVersion = 10.0.40219.1
Project("{FAE04EC0-301F-11D3-BF4B-00C04F79EFBC}") = "CalculoSegundos", "CalculoSegundos\CalculoSegundos.csproj", "{26774929-F101-4A6A-8123-33C624D51B6B}"
EndProject
Global
	GlobalSection(SolutionConfigurationPlatforms) = preSolution
		Debug|Any CPU = Debug|Any CPU
		Release|Any CPU = Release|Any CPU
	EndGlobalSection
	GlobalSection(ProjectConfigurationPlatforms) = postSolution
		{26774929-F101-4A6A-8123-33C624D51B6B}.Debug|Any CPU.ActiveCfg = Debug|Any CPU
		{26774929-F101-4A6A-8123-33C624D51B6B}.Debug|Any CPU.Build.0 = Debug|Any CPU
		{26774929-F101-4A6A-8123-33C624D51B6B}.Release|Any CPU.ActiveCfg = Release|Any CPU
		{26774929-F101-4A6A-8123-33C624D51B6B}.Release|Any CPU.Build.0 = Release|Any CPU
	EndGlobalSection
	GlobalSection(SolutionProperties) = preSolution
		HideSolutionNode = FALSE
	EndGlobalSection
	GlobalSection(ExtensibilityGlobals) = postSolution
		SolutionGuid = {41D382C5-DD3E-4B31-A620-4E35E2580587}
	EndGlobalSection
EndGlobal
